
Microsoft Visual Studio Solution File, Format Version 12.00
# Visual Studio Version 16
VisualStudioVersion = 16.0.37027.11
MinimumVisualStudioVersion = 10.0.40219.1
Project("{8BC9CEB8-8B4A-11D0-8D11-00A0C91BC942}") = "data structure project", "data structure project\data structure project.vcxproj", "{9CCFC35B-90DF-47B4-BC46-572034D62760}"
EndProject
Global
	GlobalSection(SolutionConfigurationPlatforms) = preSolution
		Debug|x64 = Debug|x64
		Debug|x86 = Debug|x86
		Release|x64 = Release|x64
		Release|x86 = Release|x86
	EndGlobalSection
	GlobalSection(ProjectConfigurationPlatforms) = postSolution
		{9CCFC35B-90DF-47B4-BC46-572034D62760}.Debug|x64.ActiveCfg = Debug|x64
		{9CCFC35B-90DF-47B4-BC46-572034D62760}.Debug|x64.Build.0 = Debug|x64
		{9CCFC35B-90DF-47B4-BC46-572034D62760}.Debug|x86.ActiveCfg = Debug|Win32
		{9CCFC35B-90DF-47B4-BC46-572034D62760}.Debug|x86.Build.0 = Debug|Win32
		{9CCFC35B-90DF-47B4-BC46-572034D62760}.Release|x64.ActiveCfg = Release|x64
		{9CCFC35B-90DF-47B4-BC46-572034D62760}.Release|x64.Build.0 = Release|x64
		{9CCFC35B-90DF-47B4-BC46-572034D62760}.Release|x86.ActiveCfg = Release|Win32
		{9CCFC35B-90DF-47B4-BC46-572034D62760}.Release|x86.Build.0 = Release|Win32
	EndGlobalSection
	GlobalSection(SolutionProperties) = preSolution
		HideSolutionNode = FALSE
	EndGlobalSection
	GlobalSection(ExtensibilityGlobals) = postSolution
		SolutionGuid = {BC009246-7624-4DE2-BAF6-CCC924561B07}
	EndGlobalSection
EndGlobal
